{
  "nodes": {
    "fenix": {
      "inputs": {
        "nixpkgs": [
          "nixpkgs"
        ],
        "rust-analyzer-src": "rust-analyzer-src"
      },
      "locked": {
        "lastModified": 1761979010,
        "narHash": "sha256-isqMvjTk3jdTHN6KA/BWQvOSVe7O35OQKAZNtLK76OY=",
        "owner": "nix-community",
        "repo": "fenix",
        "rev": "3107255abfe4f2d1c3eee7a3e2f5a5eb6f2200fe",
        "type": "github"
      },
      "original": {
        "owner": "nix-community",
        "ref": "monthly",
        "repo": "fenix",
        "type": "github"
      }
    },
    "nixCats": {
      "locked": {
        "lastModified": 1761732732,
        "narHash": "sha256-AP3KzTaFXFLjWWXysSnVTXUaGuC3hkUQZSlxUdGsLSs=",
        "owner": "BirdeeHub",
        "repo": "nixCats-nvim",
        "rev": "6307455a6ccceadb9f873fc51d4cf7cd39bdace5",
        "type": "github"
      },
      "original": {
        "owner": "BirdeeHub",
        "repo": "nixCats-nvim",
        "type": "github"
      }
    },
    "nixpkgs": {
      "locked": {
        "lastModified": 1762095875,
        "narHash": "sha256-2W8cwhdw5AILclhYftnUKhJK8q8XUIvNmAQbbF6KCl0=",
        "owner": "nixos",
        "repo": "nixpkgs",
        "rev": "a3e67ddfeb2e04ef6ae3fddc8aae678696b08714",
        "type": "github"
      },
      "original": {
        "owner": "nixos",
        "ref": "nixpkgs-unstable",
        "repo": "nixpkgs",
        "type": "github"
      }
    },
    "nixpkgs_2": {
      "locked": {
        "lastModified": 1761907660,
        "narHash": "sha256-kJ8lIZsiPOmbkJypG+B5sReDXSD1KGu2VEPNqhRa/ew=",
        "owner": "nixos",
        "repo": "nixpkgs",
        "rev": "2fb006b87f04c4d3bdf08cfdbc7fab9c13d94a15",
        "type": "github"
      },
      "original": {
        "owner": "nixos",
        "ref": "nixos-unstable",
        "repo": "nixpkgs",
        "type": "github"
      }
    },
    "nvim-treesitter": {
      "flake": false,
      "locked": {
        "lastModified": 1761832759,
        "narHash": "sha256-yER4ODJGWywRpW5jVvbPik1EONRf3p6/VomQjCR3BFk=",
        "owner": "nvim-treesitter",
        "repo": "nvim-treesitter",
        "rev": "64f4755b9d6ea9008265b09eb79fd91727311682",
        "type": "github"
      },
      "original": {
        "owner": "nvim-treesitter",
        "ref": "main",
        "repo": "nvim-treesitter",
        "type": "github"
      }
    },
    "nvim-treesitter-main": {
      "inputs": {
        "nixpkgs": "nixpkgs_2",
        "nvim-treesitter": "nvim-treesitter",
        "nvim-treesitter-textobjects": "nvim-treesitter-textobjects"
      },
      "locked": {
        "lastModified": 1762067596,
        "narHash": "sha256-k6fFEAWox/Dztg61VTZTFA2LVUkqIbLZ4x5OO9jzqTw=",
        "owner": "iofq",
        "repo": "nvim-treesitter-main",
        "rev": "0c5935fe575c40f5c7030e20da5e45f4c5968a8c",
        "type": "github"
      },
      "original": {
        "owner": "iofq",
        "repo": "nvim-treesitter-main",
        "type": "github"
      }
    },
    "nvim-treesitter-textobjects": {
      "flake": false,
      "locked": {
        "lastModified": 1761958090,
        "narHash": "sha256-nMWdgymdnnuTm1JXJ8G81UVkrzZ7riLEEHn5XlWgDug=",
        "owner": "nvim-treesitter",
        "repo": "nvim-treesitter-textobjects",
        "rev": "1f29f2f788dbbf6573a0d968a6dfe75a0fa628d0",
        "type": "github"
      },
      "original": {
        "owner": "nvim-treesitter",
        "ref": "main",
        "repo": "nvim-treesitter-textobjects",
        "type": "github"
      }
    },
    "plugins-nvim-lsp-endhints": {
      "flake": false,
      "locked": {
        "lastModified": 1757349613,
        "narHash": "sha256-gfVE5XSGuf+aC/Pi+sGWsfgmWpQ6RvC9x+SMTRagdSM=",
        "owner": "catitw",
        "repo": "nvim-lsp-endhints",
        "rev": "3d6f041620f4f233b1485392f6adffdae19fd6ec",
        "type": "github"
      },
      "original": {
        "owner": "catitw",
        "repo": "nvim-lsp-endhints",
        "type": "github"
      }
    },
    "root": {
      "inputs": {
        "fenix": "fenix",
        "nixCats": "nixCats",
        "nixpkgs": "nixpkgs",
        "nvim-treesitter-main": "nvim-treesitter-main",
        "plugins-nvim-lsp-endhints": "plugins-nvim-lsp-endhints"
      }
    },
    "rust-analyzer-src": {
      "flake": false,
      "locked": {
        "lastModified": 1761894503,
        "narHash": "sha256-SreGV62DEv7kLJEcOBrw2V6Kup0siT4wS3Ye8PlFTdE=",
        "owner": "rust-lang",
        "repo": "rust-analyzer",
        "rev": "2e2e3ebec91215078de9b754363fc9a7b0fdef13",
        "type": "github"
      },
      "original": {
        "owner": "rust-lang",
        "ref": "nightly",
        "repo": "rust-analyzer",
        "type": "github"
      }
    }
  },
  "root": "root",
  "version": 7
}
