{
  "nodes": {
    "fenix": {
      "inputs": {
        "nixpkgs": [
          "nixpkgs"
        ],
        "rust-analyzer-src": "rust-analyzer-src"
      },
      "locked": {
        "lastModified": 1759301100,
        "narHash": "sha256-hmiTEoVAqLnn80UkreCNunnRKPucKvcg5T4/CELEtbw=",
        "owner": "nix-community",
        "repo": "fenix",
        "rev": "0956bc5d1df2ea800010172c6bc4470d9a22cb81",
        "type": "github"
      },
      "original": {
        "owner": "nix-community",
        "ref": "monthly",
        "repo": "fenix",
        "type": "github"
      }
    },
    "nixCats": {
      "locked": {
        "lastModified": 1759730664,
        "narHash": "sha256-boRlBQ/c4CaHsK/z04QL6+t81mcar37Io94HBX2GflY=",
        "owner": "BirdeeHub",
        "repo": "nixCats-nvim",
        "rev": "77dffad8235eb77684fcb7599487c8e9f23d5b8f",
        "type": "github"
      },
      "original": {
        "owner": "BirdeeHub",
        "repo": "nixCats-nvim",
        "type": "github"
      }
    },
    "nixpkgs": {
      "locked": {
        "lastModified": 1761594641,
        "narHash": "sha256-sImk6SJQASDLQo8l+0zWWaBgg7TueLS6lTvdH5pBZpo=",
        "owner": "nixos",
        "repo": "nixpkgs",
        "rev": "1666250dbe4141e4ca8aaf89b40a3a51c2e36144",
        "type": "github"
      },
      "original": {
        "owner": "nixos",
        "ref": "nixpkgs-unstable",
        "repo": "nixpkgs",
        "type": "github"
      }
    },
    "nixpkgs_2": {
      "locked": {
        "lastModified": 1761114652,
        "narHash": "sha256-f/QCJM/YhrV/lavyCVz8iU3rlZun6d+dAiC3H+CDle4=",
        "owner": "nixos",
        "repo": "nixpkgs",
        "rev": "01f116e4df6a15f4ccdffb1bcd41096869fb385c",
        "type": "github"
      },
      "original": {
        "owner": "nixos",
        "ref": "nixos-unstable",
        "repo": "nixpkgs",
        "type": "github"
      }
    },
    "nvim-treesitter": {
      "flake": false,
      "locked": {
        "lastModified": 1761385693,
        "narHash": "sha256-/SGikTPEMxI7rcfGvuJlNZs73/wZiQx14QX9xlfsTv0=",
        "owner": "nvim-treesitter",
        "repo": "nvim-treesitter",
        "rev": "98fe644cb3b5ba390d1bc3f89299f93c70020803",
        "type": "github"
      },
      "original": {
        "owner": "nvim-treesitter",
        "ref": "main",
        "repo": "nvim-treesitter",
        "type": "github"
      }
    },
    "nvim-treesitter-main": {
      "inputs": {
        "nixpkgs": "nixpkgs_2",
        "nvim-treesitter": "nvim-treesitter",
        "nvim-treesitter-textobjects": "nvim-treesitter-textobjects"
      },
      "locked": {
        "lastModified": 1761496664,
        "narHash": "sha256-xTQUiJu0jJNSEHEv4La1HbaFokup0eWr67Kqf/wDENA=",
        "owner": "iofq",
        "repo": "nvim-treesitter-main",
        "rev": "834d66648bb7a96a2ad11d53a33f2d9b13766447",
        "type": "github"
      },
      "original": {
        "owner": "iofq",
        "repo": "nvim-treesitter-main",
        "type": "github"
      }
    },
    "nvim-treesitter-textobjects": {
      "flake": false,
      "locked": {
        "lastModified": 1756368113,
        "narHash": "sha256-+KmOpRi4JAqm6UqYdtk80jwFrJhLCs0lZM/Liofq0R4=",
        "owner": "nvim-treesitter",
        "repo": "nvim-treesitter-textobjects",
        "rev": "1b2d85d3de6114c4bcea89ffb2cd1ce9e3a19931",
        "type": "github"
      },
      "original": {
        "owner": "nvim-treesitter",
        "ref": "main",
        "repo": "nvim-treesitter-textobjects",
        "type": "github"
      }
    },
    "plugins-nvim-lsp-endhints": {
      "flake": false,
      "locked": {
        "lastModified": 1757349613,
        "narHash": "sha256-gfVE5XSGuf+aC/Pi+sGWsfgmWpQ6RvC9x+SMTRagdSM=",
        "owner": "catitw",
        "repo": "nvim-lsp-endhints",
        "rev": "3d6f041620f4f233b1485392f6adffdae19fd6ec",
        "type": "github"
      },
      "original": {
        "owner": "catitw",
        "repo": "nvim-lsp-endhints",
        "type": "github"
      }
    },
    "root": {
      "inputs": {
        "fenix": "fenix",
        "nixCats": "nixCats",
        "nixpkgs": "nixpkgs",
        "nvim-treesitter-main": "nvim-treesitter-main",
        "plugins-nvim-lsp-endhints": "plugins-nvim-lsp-endhints"
      }
    },
    "rust-analyzer-src": {
      "flake": false,
      "locked": {
        "lastModified": 1759245522,
        "narHash": "sha256-H4Hx/EuMJ9qi1WzPV4UG2bbZiDCdREtrtDvYcHr0kmk=",
        "owner": "rust-lang",
        "repo": "rust-analyzer",
        "rev": "a6bc4a4bbe6a65b71cbf76a0cf528c47a8d9f97f",
        "type": "github"
      },
      "original": {
        "owner": "rust-lang",
        "ref": "nightly",
        "repo": "rust-analyzer",
        "type": "github"
      }
    }
  },
  "root": "root",
  "version": 7
}
